
Microsoft Visual Studio Solution File, Format Version 12.00
# Visual Studio Version 16
VisualStudioVersion = 16.0.31624.102
MinimumVisualStudioVersion = 10.0.40219.1
Project("{8BC9CEB8-8B4A-11D0-8D11-00A0C91BC942}") = "Obliczanie_NWW_i_NWD", "Obliczanie_NWW_i_NWD.vcxproj", "{EBD705BE-CCC0-46BE-996E-F4218AC1A325}"
EndProject
Global
	GlobalSection(SolutionConfigurationPlatforms) = preSolution
		Debug|x64 = Debug|x64
		Debug|x86 = Debug|x86
		Release|x64 = Release|x64
		Release|x86 = Release|x86
	EndGlobalSection
	GlobalSection(ProjectConfigurationPlatforms) = postSolution
		{EBD705BE-CCC0-46BE-996E-F4218AC1A325}.Debug|x64.ActiveCfg = Debug|x64
		{EBD705BE-CCC0-46BE-996E-F4218AC1A325}.Debug|x64.Build.0 = Debug|x64
		{EBD705BE-CCC0-46BE-996E-F4218AC1A325}.Debug|x86.ActiveCfg = Debug|Win32
		{EBD705BE-CCC0-46BE-996E-F4218AC1A325}.Debug|x86.Build.0 = Debug|Win32
		{EBD705BE-CCC0-46BE-996E-F4218AC1A325}.Release|x64.ActiveCfg = Release|x64
		{EBD705BE-CCC0-46BE-996E-F4218AC1A325}.Release|x64.Build.0 = Release|x64
		{EBD705BE-CCC0-46BE-996E-F4218AC1A325}.Release|x86.ActiveCfg = Release|Win32
		{EBD705BE-CCC0-46BE-996E-F4218AC1A325}.Release|x86.Build.0 = Release|Win32
	EndGlobalSection
	GlobalSection(SolutionProperties) = preSolution
		HideSolutionNode = FALSE
	EndGlobalSection
	GlobalSection(ExtensibilityGlobals) = postSolution
		SolutionGuid = {DF4CDCD2-6125-4AFE-AB1A-F89A4EED8B94}
	EndGlobalSection
EndGlobal
